
Microsoft Visual Studio Solution File, Format Version 12.00
# Visual Studio Version 17
VisualStudioVersion = 17.14.36119.2 d17.14
MinimumVisualStudioVersion = 10.0.40219.1
Project("{8BC9CEB8-8B4A-11D0-8D11-00A0C91BC942}") = "SimpleVector", "SimpleVector\SimpleVector.vcxproj", "{520CDB4C-EAD9-42E2-A373-3C675F1A4947}"
EndProject
Global
	GlobalSection(SolutionConfigurationPlatforms) = preSolution
		Debug|x64 = Debug|x64
		Debug|x86 = Debug|x86
		Release|x64 = Release|x64
		Release|x86 = Release|x86
	EndGlobalSection
	GlobalSection(ProjectConfigurationPlatforms) = postSolution
		{520CDB4C-EAD9-42E2-A373-3C675F1A4947}.Debug|x64.ActiveCfg = Debug|x64
		{520CDB4C-EAD9-42E2-A373-3C675F1A4947}.Debug|x64.Build.0 = Debug|x64
		{520CDB4C-EAD9-42E2-A373-3C675F1A4947}.Debug|x86.ActiveCfg = Debug|Win32
		{520CDB4C-EAD9-42E2-A373-3C675F1A4947}.Debug|x86.Build.0 = Debug|Win32
		{520CDB4C-EAD9-42E2-A373-3C675F1A4947}.Release|x64.ActiveCfg = Release|x64
		{520CDB4C-EAD9-42E2-A373-3C675F1A4947}.Release|x64.Build.0 = Release|x64
		{520CDB4C-EAD9-42E2-A373-3C675F1A4947}.Release|x86.ActiveCfg = Release|Win32
		{520CDB4C-EAD9-42E2-A373-3C675F1A4947}.Release|x86.Build.0 = Release|Win32
	EndGlobalSection
	GlobalSection(SolutionProperties) = preSolution
		HideSolutionNode = FALSE
	EndGlobalSection
	GlobalSection(ExtensibilityGlobals) = postSolution
		SolutionGuid = {2DD68B96-0589-44B5-8F2A-9D8B581AA681}
	EndGlobalSection
EndGlobal
